
Microsoft Visual Studio Solution File, Format Version 12.00
Project("{FAE04EC0-301F-11D3-BF4B-00C04F79EFBC}") = "Sinif_kavrami2", "Sinif_kavrami2\Sinif_kavrami2.csproj", "{65204D7F-8AAA-4EF6-9E1A-0A741E65428E}"
EndProject
Global
	GlobalSection(SolutionConfigurationPlatforms) = preSolution
		Debug|Any CPU = Debug|Any CPU
		Release|Any CPU = Release|Any CPU
	EndGlobalSection
	GlobalSection(ProjectConfigurationPlatforms) = postSolution
		{65204D7F-8AAA-4EF6-9E1A-0A741E65428E}.Debug|Any CPU.ActiveCfg = Debug|Any CPU
		{65204D7F-8AAA-4EF6-9E1A-0A741E65428E}.Debug|Any CPU.Build.0 = Debug|Any CPU
		{65204D7F-8AAA-4EF6-9E1A-0A741E65428E}.Release|Any CPU.ActiveCfg = Release|Any CPU
		{65204D7F-8AAA-4EF6-9E1A-0A741E65428E}.Release|Any CPU.Build.0 = Release|Any CPU
	EndGlobalSection
EndGlobal
